PODS:
  - carrier_info (0.0.1):
    - Flutter
  - Flutter (1.0.0)

DEPENDENCIES:
  - carrier_info (from `.symlinks/plugins/carrier_info/ios`)
  - Flutter (from `Flutter`)

EXTERNAL SOURCES:
  carrier_info:
    :path: ".symlinks/plugins/carrier_info/ios"
  Flutter:
    :path: Flutter

SPEC CHECKSUMS:
  carrier_info: 7bce0e30540c371313d12d167af3fb63ce923833
  Flutter: e0871f40cf51350855a761d2e70bf5af5b9b5de7

PODFILE CHECKSUM: 775997f741c536251164e3eacf6e34abf2eb7a17

COCOAPODS: 1.16.2
